
Microsoft Visual Studio Solution File, Format Version 12.00
# Visual Studio 2013
VisualStudioVersion = 12.0.40629.0
MinimumVisualStudioVersion = 10.0.40219.1
Project("{FAE04EC0-301F-11D3-BF4B-00C04F79EFBC}") = "Api", "Api\Api.csproj", "{EBA6628E-1532-4358-8732-204111D08FD2}"
EndProject
Project("{FAE04EC0-301F-11D3-BF4B-00C04F79EFBC}") = "ModeloVeroco", "ModeloVeroco\ModeloVeroco.csproj", "{508686AE-C002-47AF-BDE6-42B8B9117E06}"
EndProject
Global
	GlobalSection(SolutionConfigurationPlatforms) = preSolution
		Debug|Any CPU = Debug|Any CPU
		Release|Any CPU = Release|Any CPU
	EndGlobalSection
	GlobalSection(ProjectConfigurationPlatforms) = postSolution
		{EBA6628E-1532-4358-8732-204111D08FD2}.Debug|Any CPU.ActiveCfg = Debug|Any CPU
		{EBA6628E-1532-4358-8732-204111D08FD2}.Debug|Any CPU.Build.0 = Debug|Any CPU
		{EBA6628E-1532-4358-8732-204111D08FD2}.Release|Any CPU.ActiveCfg = Release|Any CPU
		{EBA6628E-1532-4358-8732-204111D08FD2}.Release|Any CPU.Build.0 = Release|Any CPU
		{508686AE-C002-47AF-BDE6-42B8B9117E06}.Debug|Any CPU.ActiveCfg = Debug|Any CPU
		{508686AE-C002-47AF-BDE6-42B8B9117E06}.Debug|Any CPU.Build.0 = Debug|Any CPU
		{508686AE-C002-47AF-BDE6-42B8B9117E06}.Release|Any CPU.ActiveCfg = Release|Any CPU
		{508686AE-C002-47AF-BDE6-42B8B9117E06}.Release|Any CPU.Build.0 = Release|Any CPU
	EndGlobalSection
	GlobalSection(SolutionProperties) = preSolution
		HideSolutionNode = FALSE
	EndGlobalSection
EndGlobal
